
Microsoft Visual Studio Solution File, Format Version 12.00
# Visual Studio Version 17
VisualStudioVersion = 17.9.34607.119
MinimumVisualStudioVersion = 10.0.40219.1
Project("{FAE04EC0-301F-11D3-BF4B-00C04F79EFBC}") = "Sistema Autonomo", "PI\Sistema Autonomo.csproj", "{853852F3-7EA4-40F2-B7C7-B688C4979E27}"
EndProject
Project("{2150E333-8FDC-42A3-9474-1A3956D46DE8}") = "Itens de Solução", "Itens de Solução", "{5B3202B0-1928-482A-9AF3-5471ED404E09}"
EndProject
Global
	GlobalSection(SolutionConfigurationPlatforms) = preSolution
		Debug|Any CPU = Debug|Any CPU
		Release|Any CPU = Release|Any CPU
	EndGlobalSection
	GlobalSection(ProjectConfigurationPlatforms) = postSolution
		{853852F3-7EA4-40F2-B7C7-B688C4979E27}.Debug|Any CPU.ActiveCfg = Debug|Any CPU
		{853852F3-7EA4-40F2-B7C7-B688C4979E27}.Debug|Any CPU.Build.0 = Debug|Any CPU
		{853852F3-7EA4-40F2-B7C7-B688C4979E27}.Release|Any CPU.ActiveCfg = Release|Any CPU
		{853852F3-7EA4-40F2-B7C7-B688C4979E27}.Release|Any CPU.Build.0 = Release|Any CPU
	EndGlobalSection
	GlobalSection(SolutionProperties) = preSolution
		HideSolutionNode = FALSE
	EndGlobalSection
	GlobalSection(ExtensibilityGlobals) = postSolution
		SolutionGuid = {3E384951-2A5C-4634-BBF0-0683BEAACA0F}
	EndGlobalSection
EndGlobal
